# THIS IS AN AUTOGENERATED FILE. DO NOT EDIT THIS FILE DIRECTLY.
# yarn lockfile v1


"@types/parse5@^6.0.0":
  version "6.0.2"
  resolved "https://registry.yarnpkg.com/@types/parse5/-/parse5-6.0.2.tgz#99f6b72d82e34cea03a4d8f2ed72114d909c1c61"
  integrity sha512-+hQX+WyJAOne7Fh3zF5CxPemILIbuhNcqHHodzK9caYOLnC8pD5efmPleRnw0z++LfKUC/sVNMwk0Gap+B0baA==

merge2@^1.4.1:
  version "1.4.1"
  resolved "https://registry.yarnpkg.com/merge2/-/merge2-1.4.1.tgz#4368892f885e907455a6fd7dc55c0c9d404990ae"
  integrity sha512-8q7VEgMJW4J8tcfVPy8g09NcQwZdbwFEqhe/WZkoIzjn/3TGDwtOCYtXGxA3O8tPzpczCCDgv+P2P5y00ZJOOg==

parse5@^6.0.1:
  version "6.0.1"
  resolved "https://registry.yarnpkg.com/parse5/-/parse5-6.0.1.tgz#e1a1c085c569b3dc08321184f19a39cc27f7c30b"
  integrity sha512-Ofn/CTFzRGTTxwpNEs9PP93gXShHcTq255nzRYSKe8AkVpZY7e1fpmTfOyoIvjP5HG7Z2ZM7VS9PPhQGW2pOpw==

single-spa-layout@^2.0.0:
  version "2.0.0"
  resolved "https://registry.yarnpkg.com/single-spa-layout/-/single-spa-layout-2.0.0.tgz#cfd7a90266e9b16ca1ef7c2f1785f3117bd7db60"
  integrity sha512-6vT1NSGXOSvT6I5A4kWQQZss5feaSzx4cblMmPHEabjsbi5irkPe4evetxRdVcn0o0g+uscBRT6gKS0xKV+hMA==
  dependencies:
    "@types/parse5" "^6.0.0"
    merge2 "^1.4.1"
    parse5 "^6.0.1"
    single-spa "^6.0.0-beta.1"

single-spa@^6.0.0-beta.1:
  version "6.0.0-beta.2"
  resolved "https://registry.yarnpkg.com/single-spa/-/single-spa-6.0.0-beta.2.tgz#90bd3af89547bd9c24ad4dd8092b9fea2e27c530"
  integrity sha512-h3DNJ5Fkcv5M0bFb/vu55qaUkCnySEUNhX3gi3Fd0Dohy4eNWbyoiyxsqOzqH8MslCBpwBJ761VfO1KnZSb7qA==

typescript@^4.4.4:
  version "4.4.4"
  resolved "https://registry.yarnpkg.com/typescript/-/typescript-4.4.4.tgz#2cd01a1a1f160704d3101fd5a58ff0f9fcb8030c"
  integrity sha512-DqGhF5IKoBl8WNf8C1gu8q0xZSInh9j1kJJMqT3a94w1JzVaBU4EXOSMrz9yDqMT0xt3selp83fuFMQ0uzv6qA==
